
Microsoft Visual Studio Solution File, Format Version 12.00
# Visual Studio Version 17
VisualStudioVersion = 17.5.002.0
MinimumVisualStudioVersion = 10.0.40219.1
Project("{9A19103F-16F7-4668-BE54-9A1E7A4F7556}") = "HelloWorld", "HelloWorld.csproj", "{FA262ADD-CC18-4EEB-BF83-E23971E61B5B}"
EndProject
Global
	GlobalSection(SolutionConfigurationPlatforms) = preSolution
		Debug|Any CPU = Debug|Any CPU
		Release|Any CPU = Release|Any CPU
	EndGlobalSection
	GlobalSection(ProjectConfigurationPlatforms) = postSolution
		{FA262ADD-CC18-4EEB-BF83-E23971E61B5B}.Debug|Any CPU.ActiveCfg = Debug|Any CPU
		{FA262ADD-CC18-4EEB-BF83-E23971E61B5B}.Debug|Any CPU.Build.0 = Debug|Any CPU
		{FA262ADD-CC18-4EEB-BF83-E23971E61B5B}.Release|Any CPU.ActiveCfg = Release|Any CPU
		{FA262ADD-CC18-4EEB-BF83-E23971E61B5B}.Release|Any CPU.Build.0 = Release|Any CPU
	EndGlobalSection
	GlobalSection(SolutionProperties) = preSolution
		HideSolutionNode = FALSE
	EndGlobalSection
	GlobalSection(ExtensibilityGlobals) = postSolution
		SolutionGuid = {864829F9-279A-4426-829E-E348F7A539CE}
	EndGlobalSection
EndGlobal
